
Microsoft Visual Studio Solution File, Format Version 12.00
# Visual Studio 15
VisualStudioVersion = 15.0.28010.2048
MinimumVisualStudioVersion = 10.0.40219.1
Project("{FAE04EC0-301F-11D3-BF4B-00C04F79EFBC}") = "WordAddIn1", "WordAddIn1\WordAddIn1.csproj", "{CA8D7E94-68A4-4676-8C1C-38732E1EBA25}"
EndProject
Global
	GlobalSection(SolutionConfigurationPlatforms) = preSolution
		Debug|Any CPU = Debug|Any CPU
		Release|Any CPU = Release|Any CPU
	EndGlobalSection
	GlobalSection(ProjectConfigurationPlatforms) = postSolution
		{CA8D7E94-68A4-4676-8C1C-38732E1EBA25}.Debug|Any CPU.ActiveCfg = Debug|Any CPU
		{CA8D7E94-68A4-4676-8C1C-38732E1EBA25}.Debug|Any CPU.Build.0 = Debug|Any CPU
		{CA8D7E94-68A4-4676-8C1C-38732E1EBA25}.Release|Any CPU.ActiveCfg = Release|Any CPU
		{CA8D7E94-68A4-4676-8C1C-38732E1EBA25}.Release|Any CPU.Build.0 = Release|Any CPU
	EndGlobalSection
	GlobalSection(SolutionProperties) = preSolution
		HideSolutionNode = FALSE
	EndGlobalSection
	GlobalSection(ExtensibilityGlobals) = postSolution
		SolutionGuid = {A13F9A9D-7582-47FB-8483-6399DEC9626A}
	EndGlobalSection
EndGlobal
